
Microsoft Visual Studio Solution File, Format Version 12.00
# Visual Studio 14
VisualStudioVersion = 14.0.25420.1
MinimumVisualStudioVersion = 10.0.40219.1
Project("{FAE04EC0-301F-11D3-BF4B-00C04F79EFBC}") = "MonoCyberballTest", "MonoCyberballTest\MonoCyberballTest.csproj", "{1260C427-0057-443F-85D9-9C10DDE346B3}"
EndProject
Project("{FAE04EC0-301F-11D3-BF4B-00C04F79EFBC}") = "Cyberball.Common", "Cyberball.Common\Cyberball.Common.csproj", "{13FCA9CE-0A9B-4E43-A2AF-474188B366BC}"
EndProject
Project("{FAE04EC0-301F-11D3-BF4B-00C04F79EFBC}") = "Cyberball.Common.Tests", "Cyberball.Common.Tests\Cyberball.Common.Tests.csproj", "{ECAF14DF-0124-467F-A9FA-94BB80886276}"
EndProject
Project("{FAE04EC0-301F-11D3-BF4B-00C04F79EFBC}") = "cb5webservices", "cb5webservices\cb5webservices.csproj", "{C3B558DF-5877-451E-9406-C532F5537A5B}"
EndProject
Project("{FAE04EC0-301F-11D3-BF4B-00C04F79EFBC}") = "CB5RegKeyHandler", "CB5RegKeyHandler\CB5RegKeyHandler.csproj", "{78A7AB98-175D-426F-93D6-BE2EDFF2BB4E}"
EndProject
Global
	GlobalSection(SolutionConfigurationPlatforms) = preSolution
		CD_ROM|Any CPU = CD_ROM|Any CPU
		CD_ROM|x86 = CD_ROM|x86
		Debug|Any CPU = Debug|Any CPU
		Debug|x86 = Debug|x86
		DVD-5|Any CPU = DVD-5|Any CPU
		DVD-5|x86 = DVD-5|x86
		Release|Any CPU = Release|Any CPU
		Release|x86 = Release|x86
		SingleImage|Any CPU = SingleImage|Any CPU
		SingleImage|x86 = SingleImage|x86
	EndGlobalSection
	GlobalSection(ProjectConfigurationPlatforms) = postSolution
		{1260C427-0057-443F-85D9-9C10DDE346B3}.CD_ROM|Any CPU.ActiveCfg = Release|Any CPU
		{1260C427-0057-443F-85D9-9C10DDE346B3}.CD_ROM|Any CPU.Build.0 = Release|Any CPU
		{1260C427-0057-443F-85D9-9C10DDE346B3}.CD_ROM|x86.ActiveCfg = Debug|Any CPU
		{1260C427-0057-443F-85D9-9C10DDE346B3}.CD_ROM|x86.Build.0 = Debug|Any CPU
		{1260C427-0057-443F-85D9-9C10DDE346B3}.Debug|Any CPU.ActiveCfg = Debug|Any CPU
		{1260C427-0057-443F-85D9-9C10DDE346B3}.Debug|Any CPU.Build.0 = Debug|Any CPU
		{1260C427-0057-443F-85D9-9C10DDE346B3}.Debug|x86.ActiveCfg = Debug|Any CPU
		{1260C427-0057-443F-85D9-9C10DDE346B3}.Debug|x86.Build.0 = Debug|Any CPU
		{1260C427-0057-443F-85D9-9C10DDE346B3}.DVD-5|Any CPU.ActiveCfg = Debug|Any CPU
		{1260C427-0057-443F-85D9-9C10DDE346B3}.DVD-5|Any CPU.Build.0 = Debug|Any CPU
		{1260C427-0057-443F-85D9-9C10DDE346B3}.DVD-5|x86.ActiveCfg = Debug|Any CPU
		{1260C427-0057-443F-85D9-9C10DDE346B3}.DVD-5|x86.Build.0 = Debug|Any CPU
		{1260C427-0057-443F-85D9-9C10DDE346B3}.Release|Any CPU.ActiveCfg = Release|Any CPU
		{1260C427-0057-443F-85D9-9C10DDE346B3}.Release|Any CPU.Build.0 = Release|Any CPU
		{1260C427-0057-443F-85D9-9C10DDE346B3}.Release|x86.ActiveCfg = Release|Any CPU
		{1260C427-0057-443F-85D9-9C10DDE346B3}.Release|x86.Build.0 = Release|Any CPU
		{1260C427-0057-443F-85D9-9C10DDE346B3}.SingleImage|Any CPU.ActiveCfg = Release|Any CPU
		{1260C427-0057-443F-85D9-9C10DDE346B3}.SingleImage|Any CPU.Build.0 = Release|Any CPU
		{1260C427-0057-443F-85D9-9C10DDE346B3}.SingleImage|x86.ActiveCfg = Debug|Any CPU
		{1260C427-0057-443F-85D9-9C10DDE346B3}.SingleImage|x86.Build.0 = Debug|Any CPU
		{13FCA9CE-0A9B-4E43-A2AF-474188B366BC}.CD_ROM|Any CPU.ActiveCfg = Release|Any CPU
		{13FCA9CE-0A9B-4E43-A2AF-474188B366BC}.CD_ROM|Any CPU.Build.0 = Release|Any CPU
		{13FCA9CE-0A9B-4E43-A2AF-474188B366BC}.CD_ROM|x86.ActiveCfg = Debug|Any CPU
		{13FCA9CE-0A9B-4E43-A2AF-474188B366BC}.CD_ROM|x86.Build.0 = Debug|Any CPU
		{13FCA9CE-0A9B-4E43-A2AF-474188B366BC}.Debug|Any CPU.ActiveCfg = Debug|Any CPU
		{13FCA9CE-0A9B-4E43-A2AF-474188B366BC}.Debug|Any CPU.Build.0 = Debug|Any CPU
		{13FCA9CE-0A9B-4E43-A2AF-474188B366BC}.Debug|x86.ActiveCfg = Debug|Any CPU
		{13FCA9CE-0A9B-4E43-A2AF-474188B366BC}.Debug|x86.Build.0 = Debug|Any CPU
		{13FCA9CE-0A9B-4E43-A2AF-474188B366BC}.DVD-5|Any CPU.ActiveCfg = Debug|Any CPU
		{13FCA9CE-0A9B-4E43-A2AF-474188B366BC}.DVD-5|Any CPU.Build.0 = Debug|Any CPU
		{13FCA9CE-0A9B-4E43-A2AF-474188B366BC}.DVD-5|x86.ActiveCfg = Debug|Any CPU
		{13FCA9CE-0A9B-4E43-A2AF-474188B366BC}.DVD-5|x86.Build.0 = Debug|Any CPU
		{13FCA9CE-0A9B-4E43-A2AF-474188B366BC}.Release|Any CPU.ActiveCfg = Release|Any CPU
		{13FCA9CE-0A9B-4E43-A2AF-474188B366BC}.Release|Any CPU.Build.0 = Release|Any CPU
		{13FCA9CE-0A9B-4E43-A2AF-474188B366BC}.Release|x86.ActiveCfg = Release|Any CPU
		{13FCA9CE-0A9B-4E43-A2AF-474188B366BC}.Release|x86.Build.0 = Release|Any CPU
		{13FCA9CE-0A9B-4E43-A2AF-474188B366BC}.SingleImage|Any CPU.ActiveCfg = Release|Any CPU
		{13FCA9CE-0A9B-4E43-A2AF-474188B366BC}.SingleImage|Any CPU.Build.0 = Release|Any CPU
		{13FCA9CE-0A9B-4E43-A2AF-474188B366BC}.SingleImage|x86.ActiveCfg = Debug|Any CPU
		{13FCA9CE-0A9B-4E43-A2AF-474188B366BC}.SingleImage|x86.Build.0 = Debug|Any CPU
		{ECAF14DF-0124-467F-A9FA-94BB80886276}.CD_ROM|Any CPU.ActiveCfg = Release|Any CPU
		{ECAF14DF-0124-467F-A9FA-94BB80886276}.CD_ROM|Any CPU.Build.0 = Release|Any CPU
		{ECAF14DF-0124-467F-A9FA-94BB80886276}.CD_ROM|x86.ActiveCfg = Debug|Any CPU
		{ECAF14DF-0124-467F-A9FA-94BB80886276}.CD_ROM|x86.Build.0 = Debug|Any CPU
		{ECAF14DF-0124-467F-A9FA-94BB80886276}.Debug|Any CPU.ActiveCfg = Debug|Any CPU
		{ECAF14DF-0124-467F-A9FA-94BB80886276}.Debug|Any CPU.Build.0 = Debug|Any CPU
		{ECAF14DF-0124-467F-A9FA-94BB80886276}.Debug|x86.ActiveCfg = Debug|Any CPU
		{ECAF14DF-0124-467F-A9FA-94BB80886276}.Debug|x86.Build.0 = Debug|Any CPU
		{ECAF14DF-0124-467F-A9FA-94BB80886276}.DVD-5|Any CPU.ActiveCfg = Debug|Any CPU
		{ECAF14DF-0124-467F-A9FA-94BB80886276}.DVD-5|Any CPU.Build.0 = Debug|Any CPU
		{ECAF14DF-0124-467F-A9FA-94BB80886276}.DVD-5|x86.ActiveCfg = Debug|Any CPU
		{ECAF14DF-0124-467F-A9FA-94BB80886276}.DVD-5|x86.Build.0 = Debug|Any CPU
		{ECAF14DF-0124-467F-A9FA-94BB80886276}.Release|Any CPU.ActiveCfg = Release|Any CPU
		{ECAF14DF-0124-467F-A9FA-94BB80886276}.Release|Any CPU.Build.0 = Release|Any CPU
		{ECAF14DF-0124-467F-A9FA-94BB80886276}.Release|x86.ActiveCfg = Release|Any CPU
		{ECAF14DF-0124-467F-A9FA-94BB80886276}.Release|x86.Build.0 = Release|Any CPU
		{ECAF14DF-0124-467F-A9FA-94BB80886276}.SingleImage|Any CPU.ActiveCfg = Release|Any CPU
		{ECAF14DF-0124-467F-A9FA-94BB80886276}.SingleImage|Any CPU.Build.0 = Release|Any CPU
		{ECAF14DF-0124-467F-A9FA-94BB80886276}.SingleImage|x86.ActiveCfg = Debug|Any CPU
		{ECAF14DF-0124-467F-A9FA-94BB80886276}.SingleImage|x86.Build.0 = Debug|Any CPU
		{C3B558DF-5877-451E-9406-C532F5537A5B}.CD_ROM|Any CPU.ActiveCfg = Release|Any CPU
		{C3B558DF-5877-451E-9406-C532F5537A5B}.CD_ROM|Any CPU.Build.0 = Release|Any CPU
		{C3B558DF-5877-451E-9406-C532F5537A5B}.CD_ROM|x86.ActiveCfg = Debug|Any CPU
		{C3B558DF-5877-451E-9406-C532F5537A5B}.CD_ROM|x86.Build.0 = Debug|Any CPU
		{C3B558DF-5877-451E-9406-C532F5537A5B}.Debug|Any CPU.ActiveCfg = Debug|Any CPU
		{C3B558DF-5877-451E-9406-C532F5537A5B}.Debug|Any CPU.Build.0 = Debug|Any CPU
		{C3B558DF-5877-451E-9406-C532F5537A5B}.Debug|x86.ActiveCfg = Debug|Any CPU
		{C3B558DF-5877-451E-9406-C532F5537A5B}.Debug|x86.Build.0 = Debug|Any CPU
		{C3B558DF-5877-451E-9406-C532F5537A5B}.DVD-5|Any CPU.ActiveCfg = Debug|Any CPU
		{C3B558DF-5877-451E-9406-C532F5537A5B}.DVD-5|Any CPU.Build.0 = Debug|Any CPU
		{C3B558DF-5877-451E-9406-C532F5537A5B}.DVD-5|x86.ActiveCfg = Debug|Any CPU
		{C3B558DF-5877-451E-9406-C532F5537A5B}.DVD-5|x86.Build.0 = Debug|Any CPU
		{C3B558DF-5877-451E-9406-C532F5537A5B}.Release|Any CPU.ActiveCfg = Release|Any CPU
		{C3B558DF-5877-451E-9406-C532F5537A5B}.Release|Any CPU.Build.0 = Release|Any CPU
		{C3B558DF-5877-451E-9406-C532F5537A5B}.Release|x86.ActiveCfg = Release|Any CPU
		{C3B558DF-5877-451E-9406-C532F5537A5B}.Release|x86.Build.0 = Release|Any CPU
		{C3B558DF-5877-451E-9406-C532F5537A5B}.SingleImage|Any CPU.ActiveCfg = Release|Any CPU
		{C3B558DF-5877-451E-9406-C532F5537A5B}.SingleImage|Any CPU.Build.0 = Release|Any CPU
		{C3B558DF-5877-451E-9406-C532F5537A5B}.SingleImage|x86.ActiveCfg = Debug|Any CPU
		{C3B558DF-5877-451E-9406-C532F5537A5B}.SingleImage|x86.Build.0 = Debug|Any CPU
		{78A7AB98-175D-426F-93D6-BE2EDFF2BB4E}.CD_ROM|Any CPU.ActiveCfg = Release|Any CPU
		{78A7AB98-175D-426F-93D6-BE2EDFF2BB4E}.CD_ROM|Any CPU.Build.0 = Release|Any CPU
		{78A7AB98-175D-426F-93D6-BE2EDFF2BB4E}.CD_ROM|x86.ActiveCfg = Release|Any CPU
		{78A7AB98-175D-426F-93D6-BE2EDFF2BB4E}.CD_ROM|x86.Build.0 = Release|Any CPU
		{78A7AB98-175D-426F-93D6-BE2EDFF2BB4E}.Debug|Any CPU.ActiveCfg = Debug|Any CPU
		{78A7AB98-175D-426F-93D6-BE2EDFF2BB4E}.Debug|Any CPU.Build.0 = Debug|Any CPU
		{78A7AB98-175D-426F-93D6-BE2EDFF2BB4E}.Debug|x86.ActiveCfg = Debug|Any CPU
		{78A7AB98-175D-426F-93D6-BE2EDFF2BB4E}.Debug|x86.Build.0 = Debug|Any CPU
		{78A7AB98-175D-426F-93D6-BE2EDFF2BB4E}.DVD-5|Any CPU.ActiveCfg = Debug|Any CPU
		{78A7AB98-175D-426F-93D6-BE2EDFF2BB4E}.DVD-5|Any CPU.Build.0 = Debug|Any CPU
		{78A7AB98-175D-426F-93D6-BE2EDFF2BB4E}.DVD-5|x86.ActiveCfg = Debug|Any CPU
		{78A7AB98-175D-426F-93D6-BE2EDFF2BB4E}.DVD-5|x86.Build.0 = Debug|Any CPU
		{78A7AB98-175D-426F-93D6-BE2EDFF2BB4E}.Release|Any CPU.ActiveCfg = Release|Any CPU
		{78A7AB98-175D-426F-93D6-BE2EDFF2BB4E}.Release|Any CPU.Build.0 = Release|Any CPU
		{78A7AB98-175D-426F-93D6-BE2EDFF2BB4E}.Release|x86.ActiveCfg = Release|Any CPU
		{78A7AB98-175D-426F-93D6-BE2EDFF2BB4E}.Release|x86.Build.0 = Release|Any CPU
		{78A7AB98-175D-426F-93D6-BE2EDFF2BB4E}.SingleImage|Any CPU.ActiveCfg = Release|Any CPU
		{78A7AB98-175D-426F-93D6-BE2EDFF2BB4E}.SingleImage|Any CPU.Build.0 = Release|Any CPU
		{78A7AB98-175D-426F-93D6-BE2EDFF2BB4E}.SingleImage|x86.ActiveCfg = Release|Any CPU
		{78A7AB98-175D-426F-93D6-BE2EDFF2BB4E}.SingleImage|x86.Build.0 = Release|Any CPU
	EndGlobalSection
	GlobalSection(SolutionProperties) = preSolution
		HideSolutionNode = FALSE
	EndGlobalSection
EndGlobal
